// !$*UTF8*$!
{
	archiveVersion = 1;
	classes = {
	};
	objectVersion = 50;
	objects = {

/* Begin PBXBuildFile section */
		C068C66724E827D100110EB3 /* AppDelegate.swift in Sources */ = {isa = PBXBuildFile; fileRef = C068C66624E827D100110EB3 /* AppDelegate.swift */; };
		C068C66924E827D100110EB3 /* SceneDelegate.swift in Sources */ = {isa = PBXBuildFile; fileRef = C068C66824E827D100110EB3 /* SceneDelegate.swift */; };
		C068C66B24E827D100110EB3 /* LandmarkDetail.swift in Sources */ = {isa = PBXBuildFile; fileRef = C068C66A24E827D100110EB3 /* LandmarkDetail.swift */; };
		C068C66D24E827D500110EB3 /* Assets.xcassets in Resources */ = {isa = PBXBuildFile; fileRef = C068C66C24E827D500110EB3 /* Assets.xcassets */; };
		C068C67024E827D500110EB3 /* Preview Assets.xcassets in Resources */ = {isa = PBXBuildFile; fileRef = C068C66F24E827D500110EB3 /* Preview Assets.xcassets */; };
		C068C67324E827D500110EB3 /* LaunchScreen.storyboard in Resources */ = {isa = PBXBuildFile; fileRef = C068C67124E827D500110EB3 /* LaunchScreen.storyboard */; };
		C068C67E24E827D500110EB3 /* landmarksTests.swift in Sources */ = {isa = PBXBuildFile; fileRef = C068C67D24E827D500110EB3 /* landmarksTests.swift */; };
		C068C68924E827D500110EB3 /* landmarksUITests.swift in Sources */ = {isa = PBXBuildFile; fileRef = C068C68824E827D500110EB3 /* landmarksUITests.swift */; };
		C068C69924E8417C00110EB3 /* CircleImage.swift in Sources */ = {isa = PBXBuildFile; fileRef = C068C69824E8417C00110EB3 /* CircleImage.swift */; };
		C068C69B24E84D0500110EB3 /* MapView.swift in Sources */ = {isa = PBXBuildFile; fileRef = C068C69A24E84D0500110EB3 /* MapView.swift */; };
		C068C6A024E8939300110EB3 /* Landmark.swift in Sources */ = {isa = PBXBuildFile; fileRef = C068C69E24E8939300110EB3 /* Landmark.swift */; };
		C068C6AE24E8946E00110EB3 /* umbagog.jpg in Resources */ = {isa = PBXBuildFile; fileRef = C068C6A124E8946D00110EB3 /* umbagog.jpg */; };
		C068C6AF24E8946E00110EB3 /* yukon_charleyrivers.jpg in Resources */ = {isa = PBXBuildFile; fileRef = C068C6A224E8946D00110EB3 /* yukon_charleyrivers.jpg */; };
		C068C6B024E8946E00110EB3 /* hiddenlake.jpg in Resources */ = {isa = PBXBuildFile; fileRef = C068C6A324E8946D00110EB3 /* hiddenlake.jpg */; };
		C068C6B124E8946E00110EB3 /* stmarylake.jpg in Resources */ = {isa = PBXBuildFile; fileRef = C068C6A424E8946D00110EB3 /* stmarylake.jpg */; };
		C068C6B224E8946E00110EB3 /* icybay.jpg in Resources */ = {isa = PBXBuildFile; fileRef = C068C6A524E8946D00110EB3 /* icybay.jpg */; };
		C068C6B324E8946E00110EB3 /* lakemcdonald.jpg in Resources */ = {isa = PBXBuildFile; fileRef = C068C6A624E8946D00110EB3 /* lakemcdonald.jpg */; };
		C068C6B424E8946E00110EB3 /* landmarkData.json in Resources */ = {isa = PBXBuildFile; fileRef = C068C6A724E8946E00110EB3 /* landmarkData.json */; };
		C068C6B524E8946E00110EB3 /* silversalmoncreek.jpg in Resources */ = {isa = PBXBuildFile; fileRef = C068C6A824E8946E00110EB3 /* silversalmoncreek.jpg */; };
		C068C6B624E8946E00110EB3 /* twinlake.jpg in Resources */ = {isa = PBXBuildFile; fileRef = C068C6A924E8946E00110EB3 /* twinlake.jpg */; };
		C068C6B724E8946E00110EB3 /* turtlerock.jpg in Resources */ = {isa = PBXBuildFile; fileRef = C068C6AA24E8946E00110EB3 /* turtlerock.jpg */; };
		C068C6B824E8946E00110EB3 /* chilkoottrail.jpg in Resources */ = {isa = PBXBuildFile; fileRef = C068C6AB24E8946E00110EB3 /* chilkoottrail.jpg */; };
		C068C6B924E8946E00110EB3 /* chincoteague.jpg in Resources */ = {isa = PBXBuildFile; fileRef = C068C6AC24E8946E00110EB3 /* chincoteague.jpg */; };
		C068C6BA24E8946E00110EB3 /* rainbowlake.jpg in Resources */ = {isa = PBXBuildFile; fileRef = C068C6AD24E8946E00110EB3 /* rainbowlake.jpg */; };
		C068C6BC24E894B200110EB3 /* LandmarkRow.swift in Sources */ = {isa = PBXBuildFile; fileRef = C068C6BB24E894B200110EB3 /* LandmarkRow.swift */; };
		C068C6C024E8975300110EB3 /* Data.swift in Sources */ = {isa = PBXBuildFile; fileRef = C068C6BF24E8975300110EB3 /* Data.swift */; };
		C068C6C224E89E6400110EB3 /* LandmarkList.swift in Sources */ = {isa = PBXBuildFile; fileRef = C068C6C124E89E6400110EB3 /* LandmarkList.swift */; };
/* End PBXBuildFile section */

/* Begin PBXContainerItemProxy section */
		C068C67A24E827D500110EB3 /* PBXContainerItemProxy */ = {
			isa = PBXContainerItemProxy;
			containerPortal = C068C65B24E827D100110EB3 /* Project object */;
			proxyType = 1;
			remoteGlobalIDString = C068C66224E827D100110EB3;
			remoteInfo = landmarks;
		};
		C068C68524E827D500110EB3 /* PBXContainerItemProxy */ = {
			isa = PBXContainerItemProxy;
			containerPortal = C068C65B24E827D100110EB3 /* Project object */;
			proxyType = 1;
			remoteGlobalIDString = C068C66224E827D100110EB3;
			remoteInfo = landmarks;
		};
/* End PBXContainerItemProxy section */

/* Begin PBXFileReference section */
		C068C66324E827D100110EB3 /* landmarks.app */ = {isa = PBXFileReference; explicitFileType = wrapper.application; includeInIndex = 0; path = landmarks.app; sourceTree = BUILT_PRODUCTS_DIR; };
		C068C66624E827D100110EB3 /* AppDelegate.swift */ = {isa = PBXFileReference; lastKnownFileType = sourcecode.swift; path = AppDelegate.swift; sourceTree = "<group>"; };
		C068C66824E827D100110EB3 /* SceneDelegate.swift */ = {isa = PBXFileReference; lastKnownFileType = sourcecode.swift; path = SceneDelegate.swift; sourceTree = "<group>"; };
		C068C66A24E827D100110EB3 /* LandmarkDetail.swift */ = {isa = PBXFileReference; lastKnownFileType = sourcecode.swift; path = LandmarkDetail.swift; sourceTree = "<group>"; };
		C068C66C24E827D500110EB3 /* Assets.xcassets */ = {isa = PBXFileReference; lastKnownFileType = folder.assetcatalog; path = Assets.xcassets; sourceTree = "<group>"; };
		C068C66F24E827D500110EB3 /* Preview Assets.xcassets */ = {isa = PBXFileReference; lastKnownFileType = folder.assetcatalog; path = "Preview Assets.xcassets"; sourceTree = "<group>"; };
		C068C67224E827D500110EB3 /* Base */ = {isa = PBXFileReference; lastKnownFileType = file.storyboard; name = Base; path = Base.lproj/LaunchScreen.storyboard; sourceTree = "<group>"; };
		C068C67424E827D500110EB3 /* Info.plist */ = {isa = PBXFileReference; lastKnownFileType = text.plist.xml; path = Info.plist; sourceTree = "<group>"; };
		C068C67924E827D500110EB3 /* landmarksTests.xctest */ = {isa = PBXFileReference; explicitFileType = wrapper.cfbundle; includeInIndex = 0; path = landmarksTests.xctest; sourceTree = BUILT_PRODUCTS_DIR; };
		C068C67D24E827D500110EB3 /* landmarksTests.swift */ = {isa = PBXFileReference; lastKnownFileType = sourcecode.swift; path = landmarksTests.swift; sourceTree = "<group>"; };
		C068C67F24E827D500110EB3 /* Info.plist */ = {isa = PBXFileReference; lastKnownFileType = text.plist.xml; path = Info.plist; sourceTree = "<group>"; };
		C068C68424E827D500110EB3 /* landmarksUITests.xctest */ = {isa = PBXFileReference; explicitFileType = wrapper.cfbundle; includeInIndex = 0; path = landmarksUITests.xctest; sourceTree = BUILT_PRODUCTS_DIR; };
		C068C68824E827D500110EB3 /* landmarksUITests.swift */ = {isa = PBXFileReference; lastKnownFileType = sourcecode.swift; path = landmarksUITests.swift; sourceTree = "<group>"; };
		C068C68A24E827D500110EB3 /* Info.plist */ = {isa = PBXFileReference; lastKnownFileType = text.plist.xml; path = Info.plist; sourceTree = "<group>"; };
		C068C69824E8417C00110EB3 /* CircleImage.swift */ = {isa = PBXFileReference; lastKnownFileType = sourcecode.swift; path = CircleImage.swift; sourceTree = "<group>"; };
		C068C69A24E84D0500110EB3 /* MapView.swift */ = {isa = PBXFileReference; lastKnownFileType = sourcecode.swift; path = MapView.swift; sourceTree = "<group>"; };
		C068C69E24E8939300110EB3 /* Landmark.swift */ = {isa = PBXFileReference; fileEncoding = 4; lastKnownFileType = sourcecode.swift; path = Landmark.swift; sourceTree = "<group>"; };
		C068C6A124E8946D00110EB3 /* umbagog.jpg */ = {isa = PBXFileReference; lastKnownFileType = image.jpeg; path = umbagog.jpg; sourceTree = "<group>"; };
		C068C6A224E8946D00110EB3 /* yukon_charleyrivers.jpg */ = {isa = PBXFileReference; lastKnownFileType = image.jpeg; path = yukon_charleyrivers.jpg; sourceTree = "<group>"; };
		C068C6A324E8946D00110EB3 /* hiddenlake.jpg */ = {isa = PBXFileReference; lastKnownFileType = image.jpeg; path = hiddenlake.jpg; sourceTree = "<group>"; };
		C068C6A424E8946D00110EB3 /* stmarylake.jpg */ = {isa = PBXFileReference; lastKnownFileType = image.jpeg; path = stmarylake.jpg; sourceTree = "<group>"; };
		C068C6A524E8946D00110EB3 /* icybay.jpg */ = {isa = PBXFileReference; lastKnownFileType = image.jpeg; path = icybay.jpg; sourceTree = "<group>"; };
		C068C6A624E8946D00110EB3 /* lakemcdonald.jpg */ = {isa = PBXFileReference; lastKnownFileType = image.jpeg; path = lakemcdonald.jpg; sourceTree = "<group>"; };
		C068C6A724E8946E00110EB3 /* landmarkData.json */ = {isa = PBXFileReference; fileEncoding = 4; lastKnownFileType = text.json; path = landmarkData.json; sourceTree = "<group>"; };
		C068C6A824E8946E00110EB3 /* silversalmoncreek.jpg */ = {isa = PBXFileReference; lastKnownFileType = image.jpeg; path = silversalmoncreek.jpg; sourceTree = "<group>"; };
		C068C6A924E8946E00110EB3 /* twinlake.jpg */ = {isa = PBXFileReference; lastKnownFileType = image.jpeg; path = twinlake.jpg; sourceTree = "<group>"; };
		C068C6AA24E8946E00110EB3 /* turtlerock.jpg */ = {isa = PBXFileReference; lastKnownFileType = image.jpeg; path = turtlerock.jpg; sourceTree = "<group>"; };
		C068C6AB24E8946E00110EB3 /* chilkoottrail.jpg */ = {isa = PBXFileReference; lastKnownFileType = image.jpeg; path = chilkoottrail.jpg; sourceTree = "<group>"; };
		C068C6AC24E8946E00110EB3 /* chincoteague.jpg */ = {isa = PBXFileReference; lastKnownFileType = image.jpeg; path = chincoteague.jpg; sourceTree = "<group>"; };
		C068C6AD24E8946E00110EB3 /* rainbowlake.jpg */ = {isa = PBXFileReference; lastKnownFileType = image.jpeg; path = rainbowlake.jpg; sourceTree = "<group>"; };
		C068C6BB24E894B200110EB3 /* LandmarkRow.swift */ = {isa = PBXFileReference; lastKnownFileType = sourcecode.swift; path = LandmarkRow.swift; sourceTree = "<group>"; };
		C068C6BF24E8975300110EB3 /* Data.swift */ = {isa = PBXFileReference; fileEncoding = 4; lastKnownFileType = sourcecode.swift; name = Data.swift; path = ../../../../../../../Downloads/BuildingListsAndNavigation/Complete/Landmarks/Landmarks/Models/Data.swift; sourceTree = "<group>"; };
		C068C6C124E89E6400110EB3 /* LandmarkList.swift */ = {isa = PBXFileReference; lastKnownFileType = sourcecode.swift; path = LandmarkList.swift; sourceTree = "<group>"; };
/* End PBXFileReference section */

/* Begin PBXFrameworksBuildPhase section */
		C068C66024E827D100110EB3 /* Frameworks */ = {
			isa = PBXFrameworksBuildPhase;
			buildActionMask = 2147483647;
			files = (
			);
			runOnlyForDeploymentPostprocessing = 0;
		};
		C068C67624E827D500110EB3 /* Frameworks */ = {
			isa = PBXFrameworksBuildPhase;
			buildActionMask = 2147483647;
			files = (
			);
			runOnlyForDeploymentPostprocessing = 0;
		};
		C068C68124E827D500110EB3 /* Frameworks */ = {
			isa = PBXFrameworksBuildPhase;
			buildActionMask = 2147483647;
			files = (
			);
			runOnlyForDeploymentPostprocessing = 0;
		};
/* End PBXFrameworksBuildPhase section */

/* Begin PBXGroup section */
		C068C65A24E827D100110EB3 = {
			isa = PBXGroup;
			children = (
				C068C66524E827D100110EB3 /* landmarks */,
				C068C67C24E827D500110EB3 /* landmarksTests */,
				C068C68724E827D500110EB3 /* landmarksUITests */,
				C068C66424E827D100110EB3 /* Products */,
			);
			sourceTree = "<group>";
		};
		C068C66424E827D100110EB3 /* Products */ = {
			isa = PBXGroup;
			children = (
				C068C66324E827D100110EB3 /* landmarks.app */,
				C068C67924E827D500110EB3 /* landmarksTests.xctest */,
				C068C68424E827D500110EB3 /* landmarksUITests.xctest */,
			);
			name = Products;
			sourceTree = "<group>";
		};
		C068C66524E827D100110EB3 /* landmarks */ = {
			isa = PBXGroup;
			children = (
				C068C6BE24E8965F00110EB3 /* Resources */,
				C068C69C24E8939300110EB3 /* Models */,
				C068C66624E827D100110EB3 /* AppDelegate.swift */,
				C068C66824E827D100110EB3 /* SceneDelegate.swift */,
				C068C66A24E827D100110EB3 /* LandmarkDetail.swift */,
				C068C69A24E84D0500110EB3 /* MapView.swift */,
				C068C66C24E827D500110EB3 /* Assets.xcassets */,
				C068C69824E8417C00110EB3 /* CircleImage.swift */,
				C068C67124E827D500110EB3 /* LaunchScreen.storyboard */,
				C068C67424E827D500110EB3 /* Info.plist */,
				C068C66E24E827D500110EB3 /* Preview Content */,
			);
			path = landmarks;
			sourceTree = "<group>";
		};
		C068C66E24E827D500110EB3 /* Preview Content */ = {
			isa = PBXGroup;
			children = (
				C068C66F24E827D500110EB3 /* Preview Assets.xcassets */,
			);
			path = "Preview Content";
			sourceTree = "<group>";
		};
		C068C67C24E827D500110EB3 /* landmarksTests */ = {
			isa = PBXGroup;
			children = (
				C068C67D24E827D500110EB3 /* landmarksTests.swift */,
				C068C67F24E827D500110EB3 /* Info.plist */,
			);
			path = landmarksTests;
			sourceTree = "<group>";
		};
		C068C68724E827D500110EB3 /* landmarksUITests */ = {
			isa = PBXGroup;
			children = (
				C068C68824E827D500110EB3 /* landmarksUITests.swift */,
				C068C68A24E827D500110EB3 /* Info.plist */,
			);
			path = landmarksUITests;
			sourceTree = "<group>";
		};
		C068C69C24E8939300110EB3 /* Models */ = {
			isa = PBXGroup;
			children = (
				C068C6BF24E8975300110EB3 /* Data.swift */,
				C068C69E24E8939300110EB3 /* Landmark.swift */,
				C068C6BB24E894B200110EB3 /* LandmarkRow.swift */,
				C068C6C124E89E6400110EB3 /* LandmarkList.swift */,
			);
			path = Models;
			sourceTree = "<group>";
		};
		C068C6BE24E8965F00110EB3 /* Resources */ = {
			isa = PBXGroup;
			children = (
				C068C6A724E8946E00110EB3 /* landmarkData.json */,
				C068C6AB24E8946E00110EB3 /* chilkoottrail.jpg */,
				C068C6AC24E8946E00110EB3 /* chincoteague.jpg */,
				C068C6A324E8946D00110EB3 /* hiddenlake.jpg */,
				C068C6A524E8946D00110EB3 /* icybay.jpg */,
				C068C6A624E8946D00110EB3 /* lakemcdonald.jpg */,
				C068C6AD24E8946E00110EB3 /* rainbowlake.jpg */,
				C068C6A824E8946E00110EB3 /* silversalmoncreek.jpg */,
				C068C6A424E8946D00110EB3 /* stmarylake.jpg */,
				C068C6AA24E8946E00110EB3 /* turtlerock.jpg */,
				C068C6A924E8946E00110EB3 /* twinlake.jpg */,
				C068C6A124E8946D00110EB3 /* umbagog.jpg */,
				C068C6A224E8946D00110EB3 /* yukon_charleyrivers.jpg */,
			);
			path = Resources;
			sourceTree = "<group>";
		};
/* End PBXGroup section */

/* Begin PBXNativeTarget section */
		C068C66224E827D100110EB3 /* landmarks */ = {
			isa = PBXNativeTarget;
			buildConfigurationList = C068C68D24E827D500110EB3 /* Build configuration list for PBXNativeTarget "landmarks" */;
			buildPhases = (
				C068C65F24E827D100110EB3 /* Sources */,
				C068C66024E827D100110EB3 /* Frameworks */,
				C068C66124E827D100110EB3 /* Resources */,
			);
			buildRules = (
			);
			dependencies = (
			);
			name = landmarks;
			productName = landmarks;
			productReference = C068C66324E827D100110EB3 /* landmarks.app */;
			productType = "com.apple.product-type.application";
		};
		C068C67824E827D500110EB3 /* landmarksTests */ = {
			isa = PBXNativeTarget;
			buildConfigurationList = C068C69024E827D500110EB3 /* Build configuration list for PBXNativeTarget "landmarksTests" */;
			buildPhases = (
				C068C67524E827D500110EB3 /* Sources */,
				C068C67624E827D500110EB3 /* Frameworks */,
				C068C67724E827D500110EB3 /* Resources */,
			);
			buildRules = (
			);
			dependencies = (
				C068C67B24E827D500110EB3 /* PBXTargetDependency */,
			);
			name = landmarksTests;
			productName = landmarksTests;
			productReference = C068C67924E827D500110EB3 /* landmarksTests.xctest */;
			productType = "com.apple.product-type.bundle.unit-test";
		};
		C068C68324E827D500110EB3 /* landmarksUITests */ = {
			isa = PBXNativeTarget;
			buildConfigurationList = C068C69324E827D500110EB3 /* Build configuration list for PBXNativeTarget "landmarksUITests" */;
			buildPhases = (
				C068C68024E827D500110EB3 /* Sources */,
				C068C68124E827D500110EB3 /* Frameworks */,
				C068C68224E827D500110EB3 /* Resources */,
			);
			buildRules = (
			);
			dependencies = (
				C068C68624E827D500110EB3 /* PBXTargetDependency */,
			);
			name = landmarksUITests;
			productName = landmarksUITests;
			productReference = C068C68424E827D500110EB3 /* landmarksUITests.xctest */;
			productType = "com.apple.product-type.bundle.ui-testing";
		};
/* End PBXNativeTarget section */

/* Begin PBXProject section */
		C068C65B24E827D100110EB3 /* Project object */ = {
			isa = PBXProject;
			attributes = {
				LastSwiftUpdateCheck = 1160;
				LastUpgradeCheck = 1160;
				ORGANIZATIONNAME = Sudeep;
				TargetAttributes = {
					C068C66224E827D100110EB3 = {
						CreatedOnToolsVersion = 11.6;
					};
					C068C67824E827D500110EB3 = {
						CreatedOnToolsVersion = 11.6;
						TestTargetID = C068C66224E827D100110EB3;
					};
					C068C68324E827D500110EB3 = {
						CreatedOnToolsVersion = 11.6;
						TestTargetID = C068C66224E827D100110EB3;
					};
				};
			};
			buildConfigurationList = C068C65E24E827D100110EB3 /* Build configuration list for PBXProject "landmarks" */;
			compatibilityVersion = "Xcode 9.3";
			developmentRegion = en;
			hasScannedForEncodings = 0;
			knownRegions = (
				en,
				Base,
			);
			mainGroup = C068C65A24E827D100110EB3;
			productRefGroup = C068C66424E827D100110EB3 /* Products */;
			projectDirPath = "";
			projectRoot = "";
			targets = (
				C068C66224E827D100110EB3 /* landmarks */,
				C068C67824E827D500110EB3 /* landmarksTests */,
				C068C68324E827D500110EB3 /* landmarksUITests */,
			);
		};
/* End PBXProject section */

/* Begin PBXResourcesBuildPhase section */
		C068C66124E827D100110EB3 /* Resources */ = {
			isa = PBXResourcesBuildPhase;
			buildActionMask = 2147483647;
			files = (
				C068C6B724E8946E00110EB3 /* turtlerock.jpg in Resources */,
				C068C6AE24E8946E00110EB3 /* umbagog.jpg in Resources */,
				C068C67324E827D500110EB3 /* LaunchScreen.storyboard in Resources */,
				C068C6B224E8946E00110EB3 /* icybay.jpg in Resources */,
				C068C6B424E8946E00110EB3 /* landmarkData.json in Resources */,
				C068C6B324E8946E00110EB3 /* lakemcdonald.jpg in Resources */,
				C068C67024E827D500110EB3 /* Preview Assets.xcassets in Resources */,
				C068C6B624E8946E00110EB3 /* twinlake.jpg in Resources */,
				C068C66D24E827D500110EB3 /* Assets.xcassets in Resources */,
				C068C6B924E8946E00110EB3 /* chincoteague.jpg in Resources */,
				C068C6B824E8946E00110EB3 /* chilkoottrail.jpg in Resources */,
				C068C6B024E8946E00110EB3 /* hiddenlake.jpg in Resources */,
				C068C6B524E8946E00110EB3 /* silversalmoncreek.jpg in Resources */,
				C068C6BA24E8946E00110EB3 /* rainbowlake.jpg in Resources */,
				C068C6AF24E8946E00110EB3 /* yukon_charleyrivers.jpg in Resources */,
				C068C6B124E8946E00110EB3 /* stmarylake.jpg in Resources */,
			);
			runOnlyForDeploymentPostprocessing = 0;
		};
		C068C67724E827D500110EB3 /* Resources */ = {
			isa = PBXResourcesBuildPhase;
			buildActionMask = 2147483647;
			files = (
			);
			runOnlyForDeploymentPostprocessing = 0;
		};
		C068C68224E827D500110EB3 /* Resources */ = {
			isa = PBXResourcesBuildPhase;
			buildActionMask = 2147483647;
			files = (
			);
			runOnlyForDeploymentPostprocessing = 0;
		};
/* End PBXResourcesBuildPhase section */

/* Begin PBXSourcesBuildPhase section */
		C068C65F24E827D100110EB3 /* Sources */ = {
			isa = PBXSourcesBuildPhase;
			buildActionMask = 2147483647;
			files = (
				C068C6A024E8939300110EB3 /* Landmark.swift in Sources */,
				C068C66724E827D100110EB3 /* AppDelegate.swift in Sources */,
				C068C69924E8417C00110EB3 /* CircleImage.swift in Sources */,
				C068C69B24E84D0500110EB3 /* MapView.swift in Sources */,
				C068C6C224E89E6400110EB3 /* LandmarkList.swift in Sources */,
				C068C66924E827D100110EB3 /* SceneDelegate.swift in Sources */,
				C068C6BC24E894B200110EB3 /* LandmarkRow.swift in Sources */,
				C068C6C024E8975300110EB3 /* Data.swift in Sources */,
				C068C66B24E827D100110EB3 /* LandmarkDetail.swift in Sources */,
			);
			runOnlyForDeploymentPostprocessing = 0;
		};
		C068C67524E827D500110EB3 /* Sources */ = {
			isa = PBXSourcesBuildPhase;
			buildActionMask = 2147483647;
			files = (
				C068C67E24E827D500110EB3 /* landmarksTests.swift in Sources */,
			);
			runOnlyForDeploymentPostprocessing = 0;
		};
		C068C68024E827D500110EB3 /* Sources */ = {
			isa = PBXSourcesBuildPhase;
			buildActionMask = 2147483647;
			files = (
				C068C68924E827D500110EB3 /* landmarksUITests.swift in Sources */,
			);
			runOnlyForDeploymentPostprocessing = 0;
		};
/* End PBXSourcesBuildPhase section */

/* Begin PBXTargetDependency section */
		C068C67B24E827D500110EB3 /* PBXTargetDependency */ = {
			isa = PBXTargetDependency;
			target = C068C66224E827D100110EB3 /* landmarks */;
			targetProxy = C068C67A24E827D500110EB3 /* PBXContainerItemProxy */;
		};
		C068C68624E827D500110EB3 /* PBXTargetDependency */ = {
			isa = PBXTargetDependency;
			target = C068C66224E827D100110EB3 /* landmarks */;
			targetProxy = C068C68524E827D500110EB3 /* PBXContainerItemProxy */;
		};
/* End PBXTargetDependency section */

/* Begin PBXVariantGroup section */
		C068C67124E827D500110EB3 /* LaunchScreen.storyboard */ = {
			isa = PBXVariantGroup;
			children = (
				C068C67224E827D500110EB3 /* Base */,
			);
			name = LaunchScreen.storyboard;
			sourceTree = "<group>";
		};
/* End PBXVariantGroup section */

/* Begin XCBuildConfiguration section */
		C068C68B24E827D500110EB3 /* Debug */ = {
			isa = XCBuildConfiguration;
			buildSettings = {
				ALWAYS_SEARCH_USER_PATHS = NO;
				CLANG_ANALYZER_NONNULL = YES;
				CLANG_ANALYZER_NUMBER_OBJECT_CONVERSION = YES_AGGRESSIVE;
				CLANG_CXX_LANGUAGE_STANDARD = "gnu++14";
				CLANG_CXX_LIBRARY = "libc++";
				CLANG_ENABLE_MODULES = YES;
				CLANG_ENABLE_OBJC_ARC = YES;
				CLANG_ENABLE_OBJC_WEAK = YES;
				CLANG_WARN_BLOCK_CAPTURE_AUTORELEASING = YES;
				CLANG_WARN_BOOL_CONVERSION = YES;
				CLANG_WARN_COMMA = YES;
				CLANG_WARN_CONSTANT_CONVERSION = YES;
				CLANG_WARN_DEPRECATED_OBJC_IMPLEMENTATIONS = YES;
				CLANG_WARN_DIRECT_OBJC_ISA_USAGE = YES_ERROR;
				CLANG_WARN_DOCUMENTATION_COMMENTS = YES;
				CLANG_WARN_EMPTY_BODY = YES;
				CLANG_WARN_ENUM_CONVERSION = YES;
				CLANG_WARN_INFINITE_RECURSION = YES;
				CLANG_WARN_INT_CONVERSION = YES;
				CLANG_WARN_NON_LITERAL_NULL_CONVERSION = YES;
				CLANG_WARN_OBJC_IMPLICIT_RETAIN_SELF = YES;
				CLANG_WARN_OBJC_LITERAL_CONVERSION = YES;
				CLANG_WARN_OBJC_ROOT_CLASS = YES_ERROR;
				CLANG_WARN_RANGE_LOOP_ANALYSIS = YES;
				CLANG_WARN_STRICT_PROTOTYPES = YES;
				CLANG_WARN_SUSPICIOUS_MOVE = YES;
				CLANG_WARN_UNGUARDED_AVAILABILITY = YES_AGGRESSIVE;
				CLANG_WARN_UNREACHABLE_CODE = YES;
				CLANG_WARN__DUPLICATE_METHOD_MATCH = YES;
				COPY_PHASE_STRIP = NO;
				DEBUG_INFORMATION_FORMAT = dwarf;
				ENABLE_STRICT_OBJC_MSGSEND = YES;
				ENABLE_TESTABILITY = YES;
				GCC_C_LANGUAGE_STANDARD = gnu11;
				GCC_DYNAMIC_NO_PIC = NO;
				GCC_NO_COMMON_BLOCKS = YES;
				GCC_OPTIMIZATION_LEVEL = 0;
				GCC_PREPROCESSOR_DEFINITIONS = (
					"DEBUG=1",
					"$(inherited)",
				);
				GCC_WARN_64_TO_32_BIT_CONVERSION = YES;
				GCC_WARN_ABOUT_RETURN_TYPE = YES_ERROR;
				GCC_WARN_UNDECLARED_SELECTOR = YES;
				GCC_WARN_UNINITIALIZED_AUTOS = YES_AGGRESSIVE;
				GCC_WARN_UNUSED_FUNCTION = YES;
				GCC_WARN_UNUSED_VARIABLE = YES;
				IPHONEOS_DEPLOYMENT_TARGET = 13.6;
				MTL_ENABLE_DEBUG_INFO = INCLUDE_SOURCE;
				MTL_FAST_MATH = YES;
				ONLY_ACTIVE_ARCH = YES;
				SDKROOT = iphoneos;
				SWIFT_ACTIVE_COMPILATION_CONDITIONS = DEBUG;
				SWIFT_OPTIMIZATION_LEVEL = "-Onone";
			};
			name = Debug;
		};
		C068C68C24E827D500110EB3 /* Release */ = {
			isa = XCBuildConfiguration;
			buildSettings = {
				ALWAYS_SEARCH_USER_PATHS = NO;
				CLANG_ANALYZER_NONNULL = YES;
				CLANG_ANALYZER_NUMBER_OBJECT_CONVERSION = YES_AGGRESSIVE;
				CLANG_CXX_LANGUAGE_STANDARD = "gnu++14";
				CLANG_CXX_LIBRARY = "libc++";
				CLANG_ENABLE_MODULES = YES;
				CLANG_ENABLE_OBJC_ARC = YES;
				CLANG_ENABLE_OBJC_WEAK = YES;
				CLANG_WARN_BLOCK_CAPTURE_AUTORELEASING = YES;
				CLANG_WARN_BOOL_CONVERSION = YES;
				CLANG_WARN_COMMA = YES;
				CLANG_WARN_CONSTANT_CONVERSION = YES;
				CLANG_WARN_DEPRECATED_OBJC_IMPLEMENTATIONS = YES;
				CLANG_WARN_DIRECT_OBJC_ISA_USAGE = YES_ERROR;
				CLANG_WARN_DOCUMENTATION_COMMENTS = YES;
				CLANG_WARN_EMPTY_BODY = YES;
				CLANG_WARN_ENUM_CONVERSION = YES;
				CLANG_WARN_INFINITE_RECURSION = YES;
				CLANG_WARN_INT_CONVERSION = YES;
				CLANG_WARN_NON_LITERAL_NULL_CONVERSION = YES;
				CLANG_WARN_OBJC_IMPLICIT_RETAIN_SELF = YES;
				CLANG_WARN_OBJC_LITERAL_CONVERSION = YES;
				CLANG_WARN_OBJC_ROOT_CLASS = YES_ERROR;
				CLANG_WARN_RANGE_LOOP_ANALYSIS = YES;
				CLANG_WARN_STRICT_PROTOTYPES = YES;
				CLANG_WARN_SUSPICIOUS_MOVE = YES;
				CLANG_WARN_UNGUARDED_AVAILABILITY = YES_AGGRESSIVE;
				CLANG_WARN_UNREACHABLE_CODE = YES;
				CLANG_WARN__DUPLICATE_METHOD_MATCH = YES;
				COPY_PHASE_STRIP = NO;
				DEBUG_INFORMATION_FORMAT = "dwarf-with-dsym";
				ENABLE_NS_ASSERTIONS = NO;
				ENABLE_STRICT_OBJC_MSGSEND = YES;
				GCC_C_LANGUAGE_STANDARD = gnu11;
				GCC_NO_COMMON_BLOCKS = YES;
				GCC_WARN_64_TO_32_BIT_CONVERSION = YES;
				GCC_WARN_ABOUT_RETURN_TYPE = YES_ERROR;
				GCC_WARN_UNDECLARED_SELECTOR = YES;
				GCC_WARN_UNINITIALIZED_AUTOS = YES_AGGRESSIVE;
				GCC_WARN_UNUSED_FUNCTION = YES;
				GCC_WARN_UNUSED_VARIABLE = YES;
				IPHONEOS_DEPLOYMENT_TARGET = 13.6;
				MTL_ENABLE_DEBUG_INFO = NO;
				MTL_FAST_MATH = YES;
				SDKROOT = iphoneos;
				SWIFT_COMPILATION_MODE = wholemodule;
				SWIFT_OPTIMIZATION_LEVEL = "-O";
				VALIDATE_PRODUCT = YES;
			};
			name = Release;
		};
		C068C68E24E827D500110EB3 /* Debug */ = {
			isa = XCBuildConfiguration;
			buildSettings = {
				ASSETCATALOG_COMPILER_APPICON_NAME = AppIcon;
				CODE_SIGN_STYLE = Automatic;
				DEVELOPMENT_ASSET_PATHS = "\"landmarks/Preview Content\"";
				ENABLE_PREVIEWS = YES;
				INFOPLIST_FILE = landmarks/Info.plist;
				LD_RUNPATH_SEARCH_PATHS = (
					"$(inherited)",
					"@executable_path/Frameworks",
				);
				PRODUCT_BUNDLE_IDENTIFIER = com.dalal.sudeep.landmarks;
				PRODUCT_NAME = "$(TARGET_NAME)";
				SWIFT_VERSION = 5.0;
				TARGETED_DEVICE_FAMILY = "1,2";
			};
			name = Debug;
		};
		C068C68F24E827D500110EB3 /* Release */ = {
			isa = XCBuildConfiguration;
			buildSettings = {
				ASSETCATALOG_COMPILER_APPICON_NAME = AppIcon;
				CODE_SIGN_STYLE = Automatic;
				DEVELOPMENT_ASSET_PATHS = "\"landmarks/Preview Content\"";
				ENABLE_PREVIEWS = YES;
				INFOPLIST_FILE = landmarks/Info.plist;
				LD_RUNPATH_SEARCH_PATHS = (
					"$(inherited)",
					"@executable_path/Frameworks",
				);
				PRODUCT_BUNDLE_IDENTIFIER = com.dalal.sudeep.landmarks;
				PRODUCT_NAME = "$(TARGET_NAME)";
				SWIFT_VERSION = 5.0;
				TARGETED_DEVICE_FAMILY = "1,2";
			};
			name = Release;
		};
		C068C69124E827D500110EB3 /* Debug */ = {
			isa = XCBuildConfiguration;
			buildSettings = {
				ALWAYS_EMBED_SWIFT_STANDARD_LIBRARIES = YES;
				BUNDLE_LOADER = "$(TEST_HOST)";
				CODE_SIGN_STYLE = Automatic;
				INFOPLIST_FILE = landmarksTests/Info.plist;
				IPHONEOS_DEPLOYMENT_TARGET = 13.6;
				LD_RUNPATH_SEARCH_PATHS = (
					"$(inherited)",
					"@executable_path/Frameworks",
					"@loader_path/Frameworks",
				);
				PRODUCT_BUNDLE_IDENTIFIER = com.dalal.sudeep.landmarksTests;
				PRODUCT_NAME = "$(TARGET_NAME)";
				SWIFT_VERSION = 5.0;
				TARGETED_DEVICE_FAMILY = "1,2";
				TEST_HOST = "$(BUILT_PRODUCTS_DIR)/landmarks.app/landmarks";
			};
			name = Debug;
		};
		C068C69224E827D500110EB3 /* Release */ = {
			isa = XCBuildConfiguration;
			buildSettings = {
				ALWAYS_EMBED_SWIFT_STANDARD_LIBRARIES = YES;
				BUNDLE_LOADER = "$(TEST_HOST)";
				CODE_SIGN_STYLE = Automatic;
				INFOPLIST_FILE = landmarksTests/Info.plist;
				IPHONEOS_DEPLOYMENT_TARGET = 13.6;
				LD_RUNPATH_SEARCH_PATHS = (
					"$(inherited)",
					"@executable_path/Frameworks",
					"@loader_path/Frameworks",
				);
				PRODUCT_BUNDLE_IDENTIFIER = com.dalal.sudeep.landmarksTests;
				PRODUCT_NAME = "$(TARGET_NAME)";
				SWIFT_VERSION = 5.0;
				TARGETED_DEVICE_FAMILY = "1,2";
				TEST_HOST = "$(BUILT_PRODUCTS_DIR)/landmarks.app/landmarks";
			};
			name = Release;
		};
		C068C69424E827D500110EB3 /* Debug */ = {
			isa = XCBuildConfiguration;
			buildSettings = {
				ALWAYS_EMBED_SWIFT_STANDARD_LIBRARIES = YES;
				CODE_SIGN_STYLE = Automatic;
				INFOPLIST_FILE = landmarksUITests/Info.plist;
				LD_RUNPATH_SEARCH_PATHS = (
					"$(inherited)",
					"@executable_path/Frameworks",
					"@loader_path/Frameworks",
				);
				PRODUCT_BUNDLE_IDENTIFIER = com.dalal.sudeep.landmarksUITests;
				PRODUCT_NAME = "$(TARGET_NAME)";
				SWIFT_VERSION = 5.0;
				TARGETED_DEVICE_FAMILY = "1,2";
				TEST_TARGET_NAME = landmarks;
			};
			name = Debug;
		};
		C068C69524E827D500110EB3 /* Release */ = {
			isa = XCBuildConfiguration;
			buildSettings = {
				ALWAYS_EMBED_SWIFT_STANDARD_LIBRARIES = YES;
				CODE_SIGN_STYLE = Automatic;
				INFOPLIST_FILE = landmarksUITests/Info.plist;
				LD_RUNPATH_SEARCH_PATHS = (
					"$(inherited)",
					"@executable_path/Frameworks",
					"@loader_path/Frameworks",
				);
				PRODUCT_BUNDLE_IDENTIFIER = com.dalal.sudeep.landmarksUITests;
				PRODUCT_NAME = "$(TARGET_NAME)";
				SWIFT_VERSION = 5.0;
				TARGETED_DEVICE_FAMILY = "1,2";
				TEST_TARGET_NAME = landmarks;
			};
			name = Release;
		};
/* End XCBuildConfiguration section */

/* Begin XCConfigurationList section */
		C068C65E24E827D100110EB3 /* Build configuration list for PBXProject "landmarks" */ = {
			isa = XCConfigurationList;
			buildConfigurations = (
				C068C68B24E827D500110EB3 /* Debug */,
				C068C68C24E827D500110EB3 /* Release */,
			);
			defaultConfigurationIsVisible = 0;
			defaultConfigurationName = Release;
		};
		C068C68D24E827D500110EB3 /* Build configuration list for PBXNativeTarget "landmarks" */ = {
			isa = XCConfigurationList;
			buildConfigurations = (
				C068C68E24E827D500110EB3 /* Debug */,
				C068C68F24E827D500110EB3 /* Release */,
			);
			defaultConfigurationIsVisible = 0;
			defaultConfigurationName = Release;
		};
		C068C69024E827D500110EB3 /* Build configuration list for PBXNativeTarget "landmarksTests" */ = {
			isa = XCConfigurationList;
			buildConfigurations = (
				C068C69124E827D500110EB3 /* Debug */,
				C068C69224E827D500110EB3 /* Release */,
			);
			defaultConfigurationIsVisible = 0;
			defaultConfigurationName = Release;
		};
		C068C69324E827D500110EB3 /* Build configuration list for PBXNativeTarget "landmarksUITests" */ = {
			isa = XCConfigurationList;
			buildConfigurations = (
				C068C69424E827D500110EB3 /* Debug */,
				C068C69524E827D500110EB3 /* Release */,
			);
			defaultConfigurationIsVisible = 0;
			defaultConfigurationName = Release;
		};
/* End XCConfigurationList section */
	};
	rootObject = C068C65B24E827D100110EB3 /* Project object */;
}
